// !$*UTF8*$!
{
	archiveVersion = 1;
	classes = {
	};
	objectVersion = 56;
	objects = {

/* Begin PBXBuildFile section */
		C2AD2F7C2AE81A7A003D0879 /* GenrativeartApp.swift in Sources */ = {isa = PBXBuildFile; fileRef = C2AD2F7B2AE81A7A003D0879 /* GenrativeartApp.swift */; };
		C2AD2F802AE81A80003D0879 /* Assets.xcassets in Resources */ = {isa = PBXBuildFile; fileRef = C2AD2F7F2AE81A80003D0879 /* Assets.xcassets */; };
		C2AD2F832AE81A80003D0879 /* Preview Assets.xcassets in Resources */ = {isa = PBXBuildFile; fileRef = C2AD2F822AE81A80003D0879 /* Preview Assets.xcassets */; };
		C2AD2F8E2AE81A81003D0879 /* GenrativeartTests.swift in Sources */ = {isa = PBXBuildFile; fileRef = C2AD2F8D2AE81A81003D0879 /* GenrativeartTests.swift */; };
		C2AD2F982AE81A81003D0879 /* GenrativeartUITests.swift in Sources */ = {isa = PBXBuildFile; fileRef = C2AD2F972AE81A81003D0879 /* GenrativeartUITests.swift */; };
		C2AD2F9A2AE81A81003D0879 /* GenrativeartUITestsLaunchTests.swift in Sources */ = {isa = PBXBuildFile; fileRef = C2AD2F992AE81A81003D0879 /* GenrativeartUITestsLaunchTests.swift */; };
		C2AD2FA82AE81D3A003D0879 /* TitleView.swift in Sources */ = {isa = PBXBuildFile; fileRef = C2AD2FA72AE81D3A003D0879 /* TitleView.swift */; };
		C2AD2FAB2AE82638003D0879 /* shape.swift in Sources */ = {isa = PBXBuildFile; fileRef = C2AD2FAA2AE82638003D0879 /* shape.swift */; };
/* End PBXBuildFile section */

/* Begin PBXContainerItemProxy section */
		C2AD2F8A2AE81A81003D0879 /* PBXContainerItemProxy */ = {
			isa = PBXContainerItemProxy;
			containerPortal = C2AD2F702AE81A7A003D0879 /* Project object */;
			proxyType = 1;
			remoteGlobalIDString = C2AD2F772AE81A7A003D0879;
			remoteInfo = Genrativeart;
		};
		C2AD2F942AE81A81003D0879 /* PBXContainerItemProxy */ = {
			isa = PBXContainerItemProxy;
			containerPortal = C2AD2F702AE81A7A003D0879 /* Project object */;
			proxyType = 1;
			remoteGlobalIDString = C2AD2F772AE81A7A003D0879;
			remoteInfo = Genrativeart;
		};
/* End PBXContainerItemProxy section */

/* Begin PBXFileReference section */
		C2AD2F782AE81A7A003D0879 /* Genrativeart.app */ = {isa = PBXFileReference; explicitFileType = wrapper.application; includeInIndex = 0; path = Genrativeart.app; sourceTree = BUILT_PRODUCTS_DIR; };
		C2AD2F7B2AE81A7A003D0879 /* GenrativeartApp.swift */ = {isa = PBXFileReference; lastKnownFileType = sourcecode.swift; path = GenrativeartApp.swift; sourceTree = "<group>"; };
		C2AD2F7F2AE81A80003D0879 /* Assets.xcassets */ = {isa = PBXFileReference; lastKnownFileType = folder.assetcatalog; path = Assets.xcassets; sourceTree = "<group>"; };
		C2AD2F822AE81A80003D0879 /* Preview Assets.xcassets */ = {isa = PBXFileReference; lastKnownFileType = folder.assetcatalog; path = "Preview Assets.xcassets"; sourceTree = "<group>"; };
		C2AD2F842AE81A80003D0879 /* Genrativeart.entitlements */ = {isa = PBXFileReference; lastKnownFileType = text.plist.entitlements; path = Genrativeart.entitlements; sourceTree = "<group>"; };
		C2AD2F892AE81A81003D0879 /* GenrativeartTests.xctest */ = {isa = PBXFileReference; explicitFileType = wrapper.cfbundle; includeInIndex = 0; path = GenrativeartTests.xctest; sourceTree = BUILT_PRODUCTS_DIR; };
		C2AD2F8D2AE81A81003D0879 /* GenrativeartTests.swift */ = {isa = PBXFileReference; lastKnownFileType = sourcecode.swift; path = GenrativeartTests.swift; sourceTree = "<group>"; };
		C2AD2F932AE81A81003D0879 /* GenrativeartUITests.xctest */ = {isa = PBXFileReference; explicitFileType = wrapper.cfbundle; includeInIndex = 0; path = GenrativeartUITests.xctest; sourceTree = BUILT_PRODUCTS_DIR; };
		C2AD2F972AE81A81003D0879 /* GenrativeartUITests.swift */ = {isa = PBXFileReference; lastKnownFileType = sourcecode.swift; path = GenrativeartUITests.swift; sourceTree = "<group>"; };
		C2AD2F992AE81A81003D0879 /* GenrativeartUITestsLaunchTests.swift */ = {isa = PBXFileReference; lastKnownFileType = sourcecode.swift; path = GenrativeartUITestsLaunchTests.swift; sourceTree = "<group>"; };
		C2AD2FA72AE81D3A003D0879 /* TitleView.swift */ = {isa = PBXFileReference; lastKnownFileType = sourcecode.swift; path = TitleView.swift; sourceTree = "<group>"; };
		C2AD2FAA2AE82638003D0879 /* shape.swift */ = {isa = PBXFileReference; lastKnownFileType = sourcecode.swift; path = shape.swift; sourceTree = "<group>"; };
/* End PBXFileReference section */

/* Begin PBXFrameworksBuildPhase section */
		C2AD2F752AE81A7A003D0879 /* Frameworks */ = {
			isa = PBXFrameworksBuildPhase;
			buildActionMask = 2147483647;
			files = (
			);
			runOnlyForDeploymentPostprocessing = 0;
		};
		C2AD2F862AE81A81003D0879 /* Frameworks */ = {
			isa = PBXFrameworksBuildPhase;
			buildActionMask = 2147483647;
			files = (
			);
			runOnlyForDeploymentPostprocessing = 0;
		};
		C2AD2F902AE81A81003D0879 /* Frameworks */ = {
			isa = PBXFrameworksBuildPhase;
			buildActionMask = 2147483647;
			files = (
			);
			runOnlyForDeploymentPostprocessing = 0;
		};
/* End PBXFrameworksBuildPhase section */

/* Begin PBXGroup section */
		C2AD2F6F2AE81A7A003D0879 = {
			isa = PBXGroup;
			children = (
				C2AD2F7A2AE81A7A003D0879 /* Genrativeart */,
				C2AD2F8C2AE81A81003D0879 /* GenrativeartTests */,
				C2AD2F962AE81A81003D0879 /* GenrativeartUITests */,
				C2AD2F792AE81A7A003D0879 /* Products */,
			);
			sourceTree = "<group>";
		};
		C2AD2F792AE81A7A003D0879 /* Products */ = {
			isa = PBXGroup;
			children = (
				C2AD2F782AE81A7A003D0879 /* Genrativeart.app */,
				C2AD2F892AE81A81003D0879 /* GenrativeartTests.xctest */,
				C2AD2F932AE81A81003D0879 /* GenrativeartUITests.xctest */,
			);
			name = Products;
			sourceTree = "<group>";
		};
		C2AD2F7A2AE81A7A003D0879 /* Genrativeart */ = {
			isa = PBXGroup;
			children = (
				C2AD2FA92AE825E9003D0879 /* helpers */,
				C2AD2FA62AE81CE2003D0879 /* views */,
				C2AD2F7F2AE81A80003D0879 /* Assets.xcassets */,
				C2AD2F842AE81A80003D0879 /* Genrativeart.entitlements */,
				C2AD2F812AE81A80003D0879 /* Preview Content */,
			);
			path = Genrativeart;
			sourceTree = "<group>";
		};
		C2AD2F812AE81A80003D0879 /* Preview Content */ = {
			isa = PBXGroup;
			children = (
				C2AD2F822AE81A80003D0879 /* Preview Assets.xcassets */,
			);
			path = "Preview Content";
			sourceTree = "<group>";
		};
		C2AD2F8C2AE81A81003D0879 /* GenrativeartTests */ = {
			isa = PBXGroup;
			children = (
				C2AD2F8D2AE81A81003D0879 /* GenrativeartTests.swift */,
			);
			path = GenrativeartTests;
			sourceTree = "<group>";
		};
		C2AD2F962AE81A81003D0879 /* GenrativeartUITests */ = {
			isa = PBXGroup;
			children = (
				C2AD2F972AE81A81003D0879 /* GenrativeartUITests.swift */,
				C2AD2F992AE81A81003D0879 /* GenrativeartUITestsLaunchTests.swift */,
			);
			path = GenrativeartUITests;
			sourceTree = "<group>";
		};
		C2AD2FA62AE81CE2003D0879 /* views */ = {
			isa = PBXGroup;
			children = (
				C2AD2F7B2AE81A7A003D0879 /* GenrativeartApp.swift */,
				C2AD2FA72AE81D3A003D0879 /* TitleView.swift */,
			);
			path = views;
			sourceTree = "<group>";
		};
		C2AD2FA92AE825E9003D0879 /* helpers */ = {
			isa = PBXGroup;
			children = (
				C2AD2FAA2AE82638003D0879 /* shape.swift */,
			);
			path = helpers;
			sourceTree = "<group>";
		};
/* End PBXGroup section */

/* Begin PBXNativeTarget section */
		C2AD2F772AE81A7A003D0879 /* Genrativeart */ = {
			isa = PBXNativeTarget;
			buildConfigurationList = C2AD2F9D2AE81A81003D0879 /* Build configuration list for PBXNativeTarget "Genrativeart" */;
			buildPhases = (
				C2AD2F742AE81A7A003D0879 /* Sources */,
				C2AD2F752AE81A7A003D0879 /* Frameworks */,
				C2AD2F762AE81A7A003D0879 /* Resources */,
			);
			buildRules = (
			);
			dependencies = (
			);
			name = Genrativeart;
			productName = Genrativeart;
			productReference = C2AD2F782AE81A7A003D0879 /* Genrativeart.app */;
			productType = "com.apple.product-type.application";
		};
		C2AD2F882AE81A81003D0879 /* GenrativeartTests */ = {
			isa = PBXNativeTarget;
			buildConfigurationList = C2AD2FA02AE81A81003D0879 /* Build configuration list for PBXNativeTarget "GenrativeartTests" */;
			buildPhases = (
				C2AD2F852AE81A81003D0879 /* Sources */,
				C2AD2F862AE81A81003D0879 /* Frameworks */,
				C2AD2F872AE81A81003D0879 /* Resources */,
			);
			buildRules = (
			);
			dependencies = (
				C2AD2F8B2AE81A81003D0879 /* PBXTargetDependency */,
			);
			name = GenrativeartTests;
			productName = GenrativeartTests;
			productReference = C2AD2F892AE81A81003D0879 /* GenrativeartTests.xctest */;
			productType = "com.apple.product-type.bundle.unit-test";
		};
		C2AD2F922AE81A81003D0879 /* GenrativeartUITests */ = {
			isa = PBXNativeTarget;
			buildConfigurationList = C2AD2FA32AE81A81003D0879 /* Build configuration list for PBXNativeTarget "GenrativeartUITests" */;
			buildPhases = (
				C2AD2F8F2AE81A81003D0879 /* Sources */,
				C2AD2F902AE81A81003D0879 /* Frameworks */,
				C2AD2F912AE81A81003D0879 /* Resources */,
			);
			buildRules = (
			);
			dependencies = (
				C2AD2F952AE81A81003D0879 /* PBXTargetDependency */,
			);
			name = GenrativeartUITests;
			productName = GenrativeartUITests;
			productReference = C2AD2F932AE81A81003D0879 /* GenrativeartUITests.xctest */;
			productType = "com.apple.product-type.bundle.ui-testing";
		};
/* End PBXNativeTarget section */

/* Begin PBXProject section */
		C2AD2F702AE81A7A003D0879 /* Project object */ = {
			isa = PBXProject;
			attributes = {
				BuildIndependentTargetsInParallel = 1;
				LastSwiftUpdateCheck = 1500;
				LastUpgradeCheck = 1500;
				TargetAttributes = {
					C2AD2F772AE81A7A003D0879 = {
						CreatedOnToolsVersion = 15.0;
					};
					C2AD2F882AE81A81003D0879 = {
						CreatedOnToolsVersion = 15.0;
						TestTargetID = C2AD2F772AE81A7A003D0879;
					};
					C2AD2F922AE81A81003D0879 = {
						CreatedOnToolsVersion = 15.0;
						TestTargetID = C2AD2F772AE81A7A003D0879;
					};
				};
			};
			buildConfigurationList = C2AD2F732AE81A7A003D0879 /* Build configuration list for PBXProject "Genrativeart" */;
			compatibilityVersion = "Xcode 14.0";
			developmentRegion = en;
			hasScannedForEncodings = 0;
			knownRegions = (
				en,
				Base,
			);
			mainGroup = C2AD2F6F2AE81A7A003D0879;
			productRefGroup = C2AD2F792AE81A7A003D0879 /* Products */;
			projectDirPath = "";
			projectRoot = "";
			targets = (
				C2AD2F772AE81A7A003D0879 /* Genrativeart */,
				C2AD2F882AE81A81003D0879 /* GenrativeartTests */,
				C2AD2F922AE81A81003D0879 /* GenrativeartUITests */,
			);
		};
/* End PBXProject section */

/* Begin PBXResourcesBuildPhase section */
		C2AD2F762AE81A7A003D0879 /* Resources */ = {
			isa = PBXResourcesBuildPhase;
			buildActionMask = 2147483647;
			files = (
				C2AD2F832AE81A80003D0879 /* Preview Assets.xcassets in Resources */,
				C2AD2F802AE81A80003D0879 /* Assets.xcassets in Resources */,
			);
			runOnlyForDeploymentPostprocessing = 0;
		};
		C2AD2F872AE81A81003D0879 /* Resources */ = {
			isa = PBXResourcesBuildPhase;
			buildActionMask = 2147483647;
			files = (
			);
			runOnlyForDeploymentPostprocessing = 0;
		};
		C2AD2F912AE81A81003D0879 /* Resources */ = {
			isa = PBXResourcesBuildPhase;
			buildActionMask = 2147483647;
			files = (
			);
			runOnlyForDeploymentPostprocessing = 0;
		};
/* End PBXResourcesBuildPhase section */

/* Begin PBXSourcesBuildPhase section */
		C2AD2F742AE81A7A003D0879 /* Sources */ = {
			isa = PBXSourcesBuildPhase;
			buildActionMask = 2147483647;
			files = (
				C2AD2F7C2AE81A7A003D0879 /* GenrativeartApp.swift in Sources */,
				C2AD2FA82AE81D3A003D0879 /* TitleView.swift in Sources */,
				C2AD2FAB2AE82638003D0879 /* shape.swift in Sources */,
			);
			runOnlyForDeploymentPostprocessing = 0;
		};
		C2AD2F852AE81A81003D0879 /* Sources */ = {
			isa = PBXSourcesBuildPhase;
			buildActionMask = 2147483647;
			files = (
				C2AD2F8E2AE81A81003D0879 /* GenrativeartTests.swift in Sources */,
			);
			runOnlyForDeploymentPostprocessing = 0;
		};
		C2AD2F8F2AE81A81003D0879 /* Sources */ = {
			isa = PBXSourcesBuildPhase;
			buildActionMask = 2147483647;
			files = (
				C2AD2F9A2AE81A81003D0879 /* GenrativeartUITestsLaunchTests.swift in Sources */,
				C2AD2F982AE81A81003D0879 /* GenrativeartUITests.swift in Sources */,
			);
			runOnlyForDeploymentPostprocessing = 0;
		};
/* End PBXSourcesBuildPhase section */

/* Begin PBXTargetDependency section */
		C2AD2F8B2AE81A81003D0879 /* PBXTargetDependency */ = {
			isa = PBXTargetDependency;
			target = C2AD2F772AE81A7A003D0879 /* Genrativeart */;
			targetProxy = C2AD2F8A2AE81A81003D0879 /* PBXContainerItemProxy */;
		};
		C2AD2F952AE81A81003D0879 /* PBXTargetDependency */ = {
			isa = PBXTargetDependency;
			target = C2AD2F772AE81A7A003D0879 /* Genrativeart */;
			targetProxy = C2AD2F942AE81A81003D0879 /* PBXContainerItemProxy */;
		};
/* End PBXTargetDependency section */

/* Begin XCBuildConfiguration section */
		C2AD2F9B2AE81A81003D0879 /* Debug */ = {
			isa = XCBuildConfiguration;
			buildSettings = {
				ALWAYS_SEARCH_USER_PATHS = NO;
				ASSETCATALOG_COMPILER_GENERATE_SWIFT_ASSET_SYMBOL_EXTENSIONS = YES;
				CLANG_ANALYZER_NONNULL = YES;
				CLANG_ANALYZER_NUMBER_OBJECT_CONVERSION = YES_AGGRESSIVE;
				CLANG_CXX_LANGUAGE_STANDARD = "gnu++20";
				CLANG_ENABLE_MODULES = YES;
				CLANG_ENABLE_OBJC_ARC = YES;
				CLANG_ENABLE_OBJC_WEAK = YES;
				CLANG_WARN_BLOCK_CAPTURE_AUTORELEASING = YES;
				CLANG_WARN_BOOL_CONVERSION = YES;
				CLANG_WARN_COMMA = YES;
				CLANG_WARN_CONSTANT_CONVERSION = YES;
				CLANG_WARN_DEPRECATED_OBJC_IMPLEMENTATIONS = YES;
				CLANG_WARN_DIRECT_OBJC_ISA_USAGE = YES_ERROR;
				CLANG_WARN_DOCUMENTATION_COMMENTS = YES;
				CLANG_WARN_EMPTY_BODY = YES;
				CLANG_WARN_ENUM_CONVERSION = YES;
				CLANG_WARN_INFINITE_RECURSION = YES;
				CLANG_WARN_INT_CONVERSION = YES;
				CLANG_WARN_NON_LITERAL_NULL_CONVERSION = YES;
				CLANG_WARN_OBJC_IMPLICIT_RETAIN_SELF = YES;
				CLANG_WARN_OBJC_LITERAL_CONVERSION = YES;
				CLANG_WARN_OBJC_ROOT_CLASS = YES_ERROR;
				CLANG_WARN_QUOTED_INCLUDE_IN_FRAMEWORK_HEADER = YES;
				CLANG_WARN_RANGE_LOOP_ANALYSIS = YES;
				CLANG_WARN_STRICT_PROTOTYPES = YES;
				CLANG_WARN_SUSPICIOUS_MOVE = YES;
				CLANG_WARN_UNGUARDED_AVAILABILITY = YES_AGGRESSIVE;
				CLANG_WARN_UNREACHABLE_CODE = YES;
				CLANG_WARN__DUPLICATE_METHOD_MATCH = YES;
				COPY_PHASE_STRIP = NO;
				DEBUG_INFORMATION_FORMAT = dwarf;
				ENABLE_STRICT_OBJC_MSGSEND = YES;
				ENABLE_TESTABILITY = YES;
				ENABLE_USER_SCRIPT_SANDBOXING = YES;
				GCC_C_LANGUAGE_STANDARD = gnu17;
				GCC_DYNAMIC_NO_PIC = NO;
				GCC_NO_COMMON_BLOCKS = YES;
				GCC_OPTIMIZATION_LEVEL = 0;
				GCC_PREPROCESSOR_DEFINITIONS = (
					"DEBUG=1",
					"$(inherited)",
				);
				GCC_WARN_64_TO_32_BIT_CONVERSION = YES;
				GCC_WARN_ABOUT_RETURN_TYPE = YES_ERROR;
				GCC_WARN_UNDECLARED_SELECTOR = YES;
				GCC_WARN_UNINITIALIZED_AUTOS = YES_AGGRESSIVE;
				GCC_WARN_UNUSED_FUNCTION = YES;
				GCC_WARN_UNUSED_VARIABLE = YES;
				LOCALIZATION_PREFERS_STRING_CATALOGS = YES;
				MACOSX_DEPLOYMENT_TARGET = 14.0;
				MTL_ENABLE_DEBUG_INFO = INCLUDE_SOURCE;
				MTL_FAST_MATH = YES;
				ONLY_ACTIVE_ARCH = YES;
				SDKROOT = macosx;
				SWIFT_ACTIVE_COMPILATION_CONDITIONS = "DEBUG $(inherited)";
				SWIFT_OPTIMIZATION_LEVEL = "-Onone";
			};
			name = Debug;
		};
		C2AD2F9C2AE81A81003D0879 /* Release */ = {
			isa = XCBuildConfiguration;
			buildSettings = {
				ALWAYS_SEARCH_USER_PATHS = NO;
				ASSETCATALOG_COMPILER_GENERATE_SWIFT_ASSET_SYMBOL_EXTENSIONS = YES;
				CLANG_ANALYZER_NONNULL = YES;
				CLANG_ANALYZER_NUMBER_OBJECT_CONVERSION = YES_AGGRESSIVE;
				CLANG_CXX_LANGUAGE_STANDARD = "gnu++20";
				CLANG_ENABLE_MODULES = YES;
				CLANG_ENABLE_OBJC_ARC = YES;
				CLANG_ENABLE_OBJC_WEAK = YES;
				CLANG_WARN_BLOCK_CAPTURE_AUTORELEASING = YES;
				CLANG_WARN_BOOL_CONVERSION = YES;
				CLANG_WARN_COMMA = YES;
				CLANG_WARN_CONSTANT_CONVERSION = YES;
				CLANG_WARN_DEPRECATED_OBJC_IMPLEMENTATIONS = YES;
				CLANG_WARN_DIRECT_OBJC_ISA_USAGE = YES_ERROR;
				CLANG_WARN_DOCUMENTATION_COMMENTS = YES;
				CLANG_WARN_EMPTY_BODY = YES;
				CLANG_WARN_ENUM_CONVERSION = YES;
				CLANG_WARN_INFINITE_RECURSION = YES;
				CLANG_WARN_INT_CONVERSION = YES;
				CLANG_WARN_NON_LITERAL_NULL_CONVERSION = YES;
				CLANG_WARN_OBJC_IMPLICIT_RETAIN_SELF = YES;
				CLANG_WARN_OBJC_LITERAL_CONVERSION = YES;
				CLANG_WARN_OBJC_ROOT_CLASS = YES_ERROR;
				CLANG_WARN_QUOTED_INCLUDE_IN_FRAMEWORK_HEADER = YES;
				CLANG_WARN_RANGE_LOOP_ANALYSIS = YES;
				CLANG_WARN_STRICT_PROTOTYPES = YES;
				CLANG_WARN_SUSPICIOUS_MOVE = YES;
				CLANG_WARN_UNGUARDED_AVAILABILITY = YES_AGGRESSIVE;
				CLANG_WARN_UNREACHABLE_CODE = YES;
				CLANG_WARN__DUPLICATE_METHOD_MATCH = YES;
				COPY_PHASE_STRIP = NO;
				DEBUG_INFORMATION_FORMAT = "dwarf-with-dsym";
				ENABLE_NS_ASSERTIONS = NO;
				ENABLE_STRICT_OBJC_MSGSEND = YES;
				ENABLE_USER_SCRIPT_SANDBOXING = YES;
				GCC_C_LANGUAGE_STANDARD = gnu17;
				GCC_NO_COMMON_BLOCKS = YES;
				GCC_WARN_64_TO_32_BIT_CONVERSION = YES;
				GCC_WARN_ABOUT_RETURN_TYPE = YES_ERROR;
				GCC_WARN_UNDECLARED_SELECTOR = YES;
				GCC_WARN_UNINITIALIZED_AUTOS = YES_AGGRESSIVE;
				GCC_WARN_UNUSED_FUNCTION = YES;
				GCC_WARN_UNUSED_VARIABLE = YES;
				LOCALIZATION_PREFERS_STRING_CATALOGS = YES;
				MACOSX_DEPLOYMENT_TARGET = 14.0;
				MTL_ENABLE_DEBUG_INFO = NO;
				MTL_FAST_MATH = YES;
				SDKROOT = macosx;
				SWIFT_COMPILATION_MODE = wholemodule;
			};
			name = Release;
		};
		C2AD2F9E2AE81A81003D0879 /* Debug */ = {
			isa = XCBuildConfiguration;
			buildSettings = {
				ASSETCATALOG_COMPILER_APPICON_NAME = AppIcon;
				ASSETCATALOG_COMPILER_GLOBAL_ACCENT_COLOR_NAME = AccentColor;
				CODE_SIGN_ENTITLEMENTS = Genrativeart/Genrativeart.entitlements;
				CODE_SIGN_STYLE = Automatic;
				COMBINE_HIDPI_IMAGES = YES;
				CURRENT_PROJECT_VERSION = 1;
				DEVELOPMENT_ASSET_PATHS = "\"Genrativeart/Preview Content\"";
				DEVELOPMENT_TEAM = LF3GMBCX69;
				ENABLE_HARDENED_RUNTIME = YES;
				ENABLE_PREVIEWS = YES;
				GENERATE_INFOPLIST_FILE = YES;
				INFOPLIST_KEY_NSHumanReadableCopyright = "";
				LD_RUNPATH_SEARCH_PATHS = (
					"$(inherited)",
					"@executable_path/../Frameworks",
				);
				MARKETING_VERSION = 1.0;
				PRODUCT_BUNDLE_IDENTIFIER = gmuir.Genrativeart;
				PRODUCT_NAME = "$(TARGET_NAME)";
				SWIFT_EMIT_LOC_STRINGS = YES;
				SWIFT_VERSION = 5.0;
			};
			name = Debug;
		};
		C2AD2F9F2AE81A81003D0879 /* Release */ = {
			isa = XCBuildConfiguration;
			buildSettings = {
				ASSETCATALOG_COMPILER_APPICON_NAME = AppIcon;
				ASSETCATALOG_COMPILER_GLOBAL_ACCENT_COLOR_NAME = AccentColor;
				CODE_SIGN_ENTITLEMENTS = Genrativeart/Genrativeart.entitlements;
				CODE_SIGN_STYLE = Automatic;
				COMBINE_HIDPI_IMAGES = YES;
				CURRENT_PROJECT_VERSION = 1;
				DEVELOPMENT_ASSET_PATHS = "\"Genrativeart/Preview Content\"";
				DEVELOPMENT_TEAM = LF3GMBCX69;
				ENABLE_HARDENED_RUNTIME = YES;
				ENABLE_PREVIEWS = YES;
				GENERATE_INFOPLIST_FILE = YES;
				INFOPLIST_KEY_NSHumanReadableCopyright = "";
				LD_RUNPATH_SEARCH_PATHS = (
					"$(inherited)",
					"@executable_path/../Frameworks",
				);
				MARKETING_VERSION = 1.0;
				PRODUCT_BUNDLE_IDENTIFIER = gmuir.Genrativeart;
				PRODUCT_NAME = "$(TARGET_NAME)";
				SWIFT_EMIT_LOC_STRINGS = YES;
				SWIFT_VERSION = 5.0;
			};
			name = Release;
		};
		C2AD2FA12AE81A81003D0879 /* Debug */ = {
			isa = XCBuildConfiguration;
			buildSettings = {
				ALWAYS_EMBED_SWIFT_STANDARD_LIBRARIES = YES;
				BUNDLE_LOADER = "$(TEST_HOST)";
				CODE_SIGN_STYLE = Automatic;
				CURRENT_PROJECT_VERSION = 1;
				DEVELOPMENT_TEAM = LF3GMBCX69;
				GENERATE_INFOPLIST_FILE = YES;
				MACOSX_DEPLOYMENT_TARGET = 14.0;
				MARKETING_VERSION = 1.0;
				PRODUCT_BUNDLE_IDENTIFIER = gmuir.GenrativeartTests;
				PRODUCT_NAME = "$(TARGET_NAME)";
				SWIFT_EMIT_LOC_STRINGS = NO;
				SWIFT_VERSION = 5.0;
				TEST_HOST = "$(BUILT_PRODUCTS_DIR)/Genrativeart.app/$(BUNDLE_EXECUTABLE_FOLDER_PATH)/Genrativeart";
			};
			name = Debug;
		};
		C2AD2FA22AE81A81003D0879 /* Release */ = {
			isa = XCBuildConfiguration;
			buildSettings = {
				ALWAYS_EMBED_SWIFT_STANDARD_LIBRARIES = YES;
				BUNDLE_LOADER = "$(TEST_HOST)";
				CODE_SIGN_STYLE = Automatic;
				CURRENT_PROJECT_VERSION = 1;
				DEVELOPMENT_TEAM = LF3GMBCX69;
				GENERATE_INFOPLIST_FILE = YES;
				MACOSX_DEPLOYMENT_TARGET = 14.0;
				MARKETING_VERSION = 1.0;
				PRODUCT_BUNDLE_IDENTIFIER = gmuir.GenrativeartTests;
				PRODUCT_NAME = "$(TARGET_NAME)";
				SWIFT_EMIT_LOC_STRINGS = NO;
				SWIFT_VERSION = 5.0;
				TEST_HOST = "$(BUILT_PRODUCTS_DIR)/Genrativeart.app/$(BUNDLE_EXECUTABLE_FOLDER_PATH)/Genrativeart";
			};
			name = Release;
		};
		C2AD2FA42AE81A81003D0879 /* Debug */ = {
			isa = XCBuildConfiguration;
			buildSettings = {
				ALWAYS_EMBED_SWIFT_STANDARD_LIBRARIES = YES;
				CODE_SIGN_STYLE = Automatic;
				CURRENT_PROJECT_VERSION = 1;
				DEVELOPMENT_TEAM = LF3GMBCX69;
				GENERATE_INFOPLIST_FILE = YES;
				MARKETING_VERSION = 1.0;
				PRODUCT_BUNDLE_IDENTIFIER = gmuir.GenrativeartUITests;
				PRODUCT_NAME = "$(TARGET_NAME)";
				SWIFT_EMIT_LOC_STRINGS = NO;
				SWIFT_VERSION = 5.0;
				TEST_TARGET_NAME = Genrativeart;
			};
			name = Debug;
		};
		C2AD2FA52AE81A81003D0879 /* Release */ = {
			isa = XCBuildConfiguration;
			buildSettings = {
				ALWAYS_EMBED_SWIFT_STANDARD_LIBRARIES = YES;
				CODE_SIGN_STYLE = Automatic;
				CURRENT_PROJECT_VERSION = 1;
				DEVELOPMENT_TEAM = LF3GMBCX69;
				GENERATE_INFOPLIST_FILE = YES;
				MARKETING_VERSION = 1.0;
				PRODUCT_BUNDLE_IDENTIFIER = gmuir.GenrativeartUITests;
				PRODUCT_NAME = "$(TARGET_NAME)";
				SWIFT_EMIT_LOC_STRINGS = NO;
				SWIFT_VERSION = 5.0;
				TEST_TARGET_NAME = Genrativeart;
			};
			name = Release;
		};
/* End XCBuildConfiguration section */

/* Begin XCConfigurationList section */
		C2AD2F732AE81A7A003D0879 /* Build configuration list for PBXProject "Genrativeart" */ = {
			isa = XCConfigurationList;
			buildConfigurations = (
				C2AD2F9B2AE81A81003D0879 /* Debug */,
				C2AD2F9C2AE81A81003D0879 /* Release */,
			);
			defaultConfigurationIsVisible = 0;
			defaultConfigurationName = Release;
		};
		C2AD2F9D2AE81A81003D0879 /* Build configuration list for PBXNativeTarget "Genrativeart" */ = {
			isa = XCConfigurationList;
			buildConfigurations = (
				C2AD2F9E2AE81A81003D0879 /* Debug */,
				C2AD2F9F2AE81A81003D0879 /* Release */,
			);
			defaultConfigurationIsVisible = 0;
			defaultConfigurationName = Release;
		};
		C2AD2FA02AE81A81003D0879 /* Build configuration list for PBXNativeTarget "GenrativeartTests" */ = {
			isa = XCConfigurationList;
			buildConfigurations = (
				C2AD2FA12AE81A81003D0879 /* Debug */,
				C2AD2FA22AE81A81003D0879 /* Release */,
			);
			defaultConfigurationIsVisible = 0;
			defaultConfigurationName = Release;
		};
		C2AD2FA32AE81A81003D0879 /* Build configuration list for PBXNativeTarget "GenrativeartUITests" */ = {
			isa = XCConfigurationList;
			buildConfigurations = (
				C2AD2FA42AE81A81003D0879 /* Debug */,
				C2AD2FA52AE81A81003D0879 /* Release */,
			);
			defaultConfigurationIsVisible = 0;
			defaultConfigurationName = Release;
		};
/* End XCConfigurationList section */
	};
	rootObject = C2AD2F702AE81A7A003D0879 /* Project object */;
}
